
Microsoft Visual Studio Solution File, Format Version 12.00
# Visual Studio 15
VisualStudioVersion = 15.0.28307.1169
MinimumVisualStudioVersion = 10.0.40219.1
Project("{FAE04EC0-301F-11D3-BF4B-00C04F79EFBC}") = "NHibernateApp1", "NHibernateApp1\NHibernateApp1.csproj", "{34EE9728-C3BE-46DA-A375-1C5DB88D34C3}"
EndProject
Global
	GlobalSection(SolutionConfigurationPlatforms) = preSolution
		Debug|Any CPU = Debug|Any CPU
		Release|Any CPU = Release|Any CPU
	EndGlobalSection
	GlobalSection(ProjectConfigurationPlatforms) = postSolution
		{34EE9728-C3BE-46DA-A375-1C5DB88D34C3}.Debug|Any CPU.ActiveCfg = Debug|Any CPU
		{34EE9728-C3BE-46DA-A375-1C5DB88D34C3}.Debug|Any CPU.Build.0 = Debug|Any CPU
		{34EE9728-C3BE-46DA-A375-1C5DB88D34C3}.Release|Any CPU.ActiveCfg = Release|Any CPU
		{34EE9728-C3BE-46DA-A375-1C5DB88D34C3}.Release|Any CPU.Build.0 = Release|Any CPU
	EndGlobalSection
	GlobalSection(SolutionProperties) = preSolution
		HideSolutionNode = FALSE
	EndGlobalSection
	GlobalSection(ExtensibilityGlobals) = postSolution
		SolutionGuid = {46EAF9D0-FD7A-4E64-A3C5-834070882992}
	EndGlobalSection
EndGlobal
